PODS:
  - boost-for-react-native (1.63.0)
  - BVLinearGradient (2.5.6):
    - React
  - DoubleConversion (1.1.6)
  - FBAudienceNetwork (5.6.1):
    - FBSDKCoreKit/Basics (>= 5.6.0)
  - FBLazyVector (0.61.3)
  - FBReactNativeSpec (0.61.3):
    - Folly (= 2018.10.22.00)
    - RCTRequired (= 0.61.3)
    - RCTTypeSafety (= 0.61.3)
    - React-Core (= 0.61.3)
    - React-jsi (= 0.61.3)
    - ReactCommon/turbomodule/core (= 0.61.3)
  - FBSDKCoreKit (5.8.0):
    - FBSDKCoreKit/Basics (= 5.8.0)
    - FBSDKCoreKit/Core (= 5.8.0)
  - FBSDKCoreKit/Basics (5.8.0)
  - FBSDKCoreKit/Core (5.8.0):
    - FBSDKCoreKit/Basics
  - FBSDKLoginKit (5.8.0):
    - FBSDKLoginKit/Login (= 5.8.0)
  - FBSDKLoginKit/Login (5.8.0):
    - FBSDKCoreKit (~> 5.0)
  - FBSDKShareKit (5.8.0):
    - FBSDKShareKit/Share (= 5.8.0)
  - FBSDKShareKit/Share (5.8.0):
    - FBSDKCoreKit (~> 5.0)
  - Folly (2018.10.22.00):
    - boost-for-react-native
    - DoubleConversion
    - Folly/Default (= 2018.10.22.00)
    - glog
  - Folly/Default (2018.10.22.00):
    - boost-for-react-native
    - DoubleConversion
    - glog
  - glog (0.3.5)
  - libwebp (1.0.3):
    - libwebp/demux (= 1.0.3)
    - libwebp/mux (= 1.0.3)
    - libwebp/webp (= 1.0.3)
  - libwebp/demux (1.0.3):
    - libwebp/webp
  - libwebp/mux (1.0.3):
    - libwebp/demux
  - libwebp/webp (1.0.3)
  - Permission-Camera (2.0.8):
    - RNPermissions
  - Permission-PhotoLibrary (2.0.8):
    - RNPermissions
  - QBImagePickerController (3.4.0)
  - RCTRequired (0.61.3)
  - RCTTypeSafety (0.61.3):
    - FBLazyVector (= 0.61.3)
    - Folly (= 2018.10.22.00)
    - RCTRequired (= 0.61.3)
    - React-Core (= 0.61.3)
  - RCTYouTube (2.0.0):
    - React
    - YoutubePlayer-in-WKWebView (~> 0.3.1)
  - React (0.61.3):
    - React-Core (= 0.61.3)
    - React-Core/DevSupport (= 0.61.3)
    - React-Core/RCTWebSocket (= 0.61.3)
    - React-RCTActionSheet (= 0.61.3)
    - React-RCTAnimation (= 0.61.3)
    - React-RCTBlob (= 0.61.3)
    - React-RCTImage (= 0.61.3)
    - React-RCTLinking (= 0.61.3)
    - React-RCTNetwork (= 0.61.3)
    - React-RCTSettings (= 0.61.3)
    - React-RCTText (= 0.61.3)
    - React-RCTVibration (= 0.61.3)
  - React-Core (0.61.3):
    - Folly (= 2018.10.22.00)
    - glog
    - React-Core/Default (= 0.61.3)
    - React-cxxreact (= 0.61.3)
    - React-jsi (= 0.61.3)
    - React-jsiexecutor (= 0.61.3)
    - Yoga
  - React-Core/CoreModulesHeaders (0.61.3):
    - Folly (= 2018.10.22.00)
    - glog
    - React-Core/Default
    - React-cxxreact (= 0.61.3)
    - React-jsi (= 0.61.3)
    - React-jsiexecutor (= 0.61.3)
    - Yoga
  - React-Core/Default (0.61.3):
    - Folly (= 2018.10.22.00)
    - glog
    - React-cxxreact (= 0.61.3)
    - React-jsi (= 0.61.3)
    - React-jsiexecutor (= 0.61.3)
    - Yoga
  - React-Core/DevSupport (0.61.3):
    - Folly (= 2018.10.22.00)
    - glog
    - React-Core/Default (= 0.61.3)
    - React-Core/RCTWebSocket (= 0.61.3)
    - React-cxxreact (= 0.61.3)
    - React-jsi (= 0.61.3)
    - React-jsiexecutor (= 0.61.3)
    - React-jsinspector (= 0.61.3)
    - Yoga
  - React-Core/RCTActionSheetHeaders (0.61.3):
    - Folly (= 2018.10.22.00)
    - glog
    - React-Core/Default
    - React-cxxreact (= 0.61.3)
    - React-jsi (= 0.61.3)
    - React-jsiexecutor (= 0.61.3)
    - Yoga
  - React-Core/RCTAnimationHeaders (0.61.3):
    - Folly (= 2018.10.22.00)
    - glog
    - React-Core/Default
    - React-cxxreact (= 0.61.3)
    - React-jsi (= 0.61.3)
    - React-jsiexecutor (= 0.61.3)
    - Yoga
  - React-Core/RCTBlobHeaders (0.61.3):
    - Folly (= 2018.10.22.00)
    - glog
    - React-Core/Default
    - React-cxxreact (= 0.61.3)
    - React-jsi (= 0.61.3)
    - React-jsiexecutor (= 0.61.3)
    - Yoga
  - React-Core/RCTImageHeaders (0.61.3):
    - Folly (= 2018.10.22.00)
    - glog
    - React-Core/Default
    - React-cxxreact (= 0.61.3)
    - React-jsi (= 0.61.3)
    - React-jsiexecutor (= 0.61.3)
    - Yoga
  - React-Core/RCTLinkingHeaders (0.61.3):
    - Folly (= 2018.10.22.00)
    - glog
    - React-Core/Default
    - React-cxxreact (= 0.61.3)
    - React-jsi (= 0.61.3)
    - React-jsiexecutor (= 0.61.3)
    - Yoga
  - React-Core/RCTNetworkHeaders (0.61.3):
    - Folly (= 2018.10.22.00)
    - glog
    - React-Core/Default
    - React-cxxreact (= 0.61.3)
    - React-jsi (= 0.61.3)
    - React-jsiexecutor (= 0.61.3)
    - Yoga
  - React-Core/RCTSettingsHeaders (0.61.3):
    - Folly (= 2018.10.22.00)
    - glog
    - React-Core/Default
    - React-cxxreact (= 0.61.3)
    - React-jsi (= 0.61.3)
    - React-jsiexecutor (= 0.61.3)
    - Yoga
  - React-Core/RCTTextHeaders (0.61.3):
    - Folly (= 2018.10.22.00)
    - glog
    - React-Core/Default
    - React-cxxreact (= 0.61.3)
    - React-jsi (= 0.61.3)
    - React-jsiexecutor (= 0.61.3)
    - Yoga
  - React-Core/RCTVibrationHeaders (0.61.3):
    - Folly (= 2018.10.22.00)
    - glog
    - React-Core/Default
    - React-cxxreact (= 0.61.3)
    - React-jsi (= 0.61.3)
    - React-jsiexecutor (= 0.61.3)
    - Yoga
  - React-Core/RCTWebSocket (0.61.3):
    - Folly (= 2018.10.22.00)
    - glog
    - React-Core/Default (= 0.61.3)
    - React-cxxreact (= 0.61.3)
    - React-jsi (= 0.61.3)
    - React-jsiexecutor (= 0.61.3)
    - Yoga
  - React-CoreModules (0.61.3):
    - FBReactNativeSpec (= 0.61.3)
    - Folly (= 2018.10.22.00)
    - RCTTypeSafety (= 0.61.3)
    - React-Core/CoreModulesHeaders (= 0.61.3)
    - React-RCTImage (= 0.61.3)
    - ReactCommon/turbomodule/core (= 0.61.3)
  - React-cxxreact (0.61.3):
    - boost-for-react-native (= 1.63.0)
    - DoubleConversion
    - Folly (= 2018.10.22.00)
    - glog
    - React-jsinspector (= 0.61.3)
  - React-jsi (0.61.3):
    - boost-for-react-native (= 1.63.0)
    - DoubleConversion
    - Folly (= 2018.10.22.00)
    - glog
    - React-jsi/Default (= 0.61.3)
  - React-jsi/Default (0.61.3):
    - boost-for-react-native (= 1.63.0)
    - DoubleConversion
    - Folly (= 2018.10.22.00)
    - glog
  - React-jsiexecutor (0.61.3):
    - DoubleConversion
    - Folly (= 2018.10.22.00)
    - glog
    - React-cxxreact (= 0.61.3)
    - React-jsi (= 0.61.3)
  - React-jsinspector (0.61.3)
  - react-native-camera (3.18.0):
    - React
    - react-native-camera/RCT (= 3.18.0)
    - react-native-camera/RN (= 3.18.0)
  - react-native-camera/RCT (3.18.0):
    - React
  - react-native-camera/RN (3.18.0):
    - React
  - react-native-config (0.12.0):
    - React
  - react-native-fbsdk (1.1.2):
    - React
    - react-native-fbsdk/Core (= 1.1.2)
    - react-native-fbsdk/Login (= 1.1.2)
    - react-native-fbsdk/Share (= 1.1.2)
  - react-native-fbsdk/Core (1.1.2):
    - FBSDKCoreKit (= 5.8)
    - React
  - react-native-fbsdk/Login (1.1.2):
    - FBSDKLoginKit (= 5.8)
    - React
  - react-native-fbsdk/Share (1.1.2):
    - FBSDKShareKit (= 5.8)
    - React
  - react-native-image-editor (2.2.0):
    - React
    - React-RCTImage
  - react-native-mail (4.1.0):
    - React
  - react-native-splash-screen (3.2.0):
    - React
  - react-native-webview (7.5.1):
    - React
  - React-RCTActionSheet (0.61.3):
    - React-Core/RCTActionSheetHeaders (= 0.61.3)
  - React-RCTAnimation (0.61.3):
    - React-Core/RCTAnimationHeaders (= 0.61.3)
  - React-RCTBlob (0.61.3):
    - React-Core/RCTBlobHeaders (= 0.61.3)
    - React-Core/RCTWebSocket (= 0.61.3)
    - React-jsi (= 0.61.3)
    - React-RCTNetwork (= 0.61.3)
  - React-RCTImage (0.61.3):
    - React-Core/RCTImageHeaders (= 0.61.3)
    - React-RCTNetwork (= 0.61.3)
  - React-RCTLinking (0.61.3):
    - React-Core/RCTLinkingHeaders (= 0.61.3)
  - React-RCTNetwork (0.61.3):
    - React-Core/RCTNetworkHeaders (= 0.61.3)
  - React-RCTSettings (0.61.3):
    - React-Core/RCTSettingsHeaders (= 0.61.3)
  - React-RCTText (0.61.3):
    - React-Core/RCTTextHeaders (= 0.61.3)
  - React-RCTVibration (0.61.3):
    - React-Core/RCTVibrationHeaders (= 0.61.3)
  - ReactCommon/jscallinvoker (0.61.3):
    - DoubleConversion
    - Folly (= 2018.10.22.00)
    - glog
    - React-cxxreact (= 0.61.3)
  - ReactCommon/turbomodule/core (0.61.3):
    - DoubleConversion
    - Folly (= 2018.10.22.00)
    - glog
    - React-Core (= 0.61.3)
    - React-cxxreact (= 0.61.3)
    - React-jsi (= 0.61.3)
    - ReactCommon/jscallinvoker (= 0.61.3)
  - ReactNativeAdsFacebook (6.3.1):
    - FBAudienceNetwork
    - React
  - ReactNativeNavigation (3.4.0):
    - React
  - RNDeviceInfo (5.3.0):
    - React
  - RNFastImage (7.0.2):
    - React
    - SDWebImage (~> 5.0)
    - SDWebImageWebPCoder (~> 0.2.3)
  - RNImageCropPicker (0.26.1):
    - QBImagePickerController
    - React-Core
    - React-RCTImage
    - RSKImageCropper
  - RNPermissions (2.0.8):
    - React
  - RNRate (1.1.10):
    - React
  - RNVectorIcons (6.6.0):
    - React
  - RSKImageCropper (2.2.3)
  - SDWebImage (5.4.0):
    - SDWebImage/Core (= 5.4.0)
  - SDWebImage/Core (5.4.0)
  - SDWebImageWebPCoder (0.2.5):
    - libwebp (~> 1.0)
    - SDWebImage/Core (~> 5.0)
  - Yoga (1.14.0)
  - YoutubePlayer-in-WKWebView (0.3.4)

DEPENDENCIES:
  - BVLinearGradient (from `../node_modules/react-native-linear-gradient`)
  - DoubleConversion (from `../node_modules/react-native/third-party-podspecs/DoubleConversion.podspec`)
  - FBAudienceNetwork (~> 5.6.1)
  - FBLazyVector (from `../node_modules/react-native/Libraries/FBLazyVector`)
  - FBReactNativeSpec (from `../node_modules/react-native/Libraries/FBReactNativeSpec`)
  - FBSDKCoreKit
  - Folly (from `../node_modules/react-native/third-party-podspecs/Folly.podspec`)
  - glog (from `../node_modules/react-native/third-party-podspecs/glog.podspec`)
  - Permission-Camera (from `../node_modules/react-native-permissions/ios/Camera.podspec`)
  - Permission-PhotoLibrary (from `../node_modules/react-native-permissions/ios/PhotoLibrary.podspec`)
  - RCTRequired (from `../node_modules/react-native/Libraries/RCTRequired`)
  - RCTTypeSafety (from `../node_modules/react-native/Libraries/TypeSafety`)
  - RCTYouTube (from `../node_modules/react-native-youtube`)
  - React (from `../node_modules/react-native/`)
  - React-Core (from `../node_modules/react-native/`)
  - React-Core/DevSupport (from `../node_modules/react-native/`)
  - React-Core/RCTWebSocket (from `../node_modules/react-native/`)
  - React-CoreModules (from `../node_modules/react-native/React/CoreModules`)
  - React-cxxreact (from `../node_modules/react-native/ReactCommon/cxxreact`)
  - React-jsi (from `../node_modules/react-native/ReactCommon/jsi`)
  - React-jsiexecutor (from `../node_modules/react-native/ReactCommon/jsiexecutor`)
  - React-jsinspector (from `../node_modules/react-native/ReactCommon/jsinspector`)
  - react-native-camera (from `../node_modules/react-native-camera`)
  - react-native-config (from `../node_modules/react-native-config`)
  - react-native-fbsdk (from `../node_modules/react-native-fbsdk`)
  - "react-native-image-editor (from `../node_modules/@react-native-community/image-editor`)"
  - react-native-mail (from `../node_modules/react-native-mail`)
  - react-native-splash-screen (from `../node_modules/react-native-splash-screen`)
  - react-native-webview (from `../node_modules/react-native-webview`)
  - React-RCTActionSheet (from `../node_modules/react-native/Libraries/ActionSheetIOS`)
  - React-RCTAnimation (from `../node_modules/react-native/Libraries/NativeAnimation`)
  - React-RCTBlob (from `../node_modules/react-native/Libraries/Blob`)
  - React-RCTImage (from `../node_modules/react-native/Libraries/Image`)
  - React-RCTLinking (from `../node_modules/react-native/Libraries/LinkingIOS`)
  - React-RCTNetwork (from `../node_modules/react-native/Libraries/Network`)
  - React-RCTSettings (from `../node_modules/react-native/Libraries/Settings`)
  - React-RCTText (from `../node_modules/react-native/Libraries/Text`)
  - React-RCTVibration (from `../node_modules/react-native/Libraries/Vibration`)
  - ReactCommon/jscallinvoker (from `../node_modules/react-native/ReactCommon`)
  - ReactCommon/turbomodule/core (from `../node_modules/react-native/ReactCommon`)
  - ReactNativeAdsFacebook (from `../node_modules/react-native-fbads`)
  - ReactNativeNavigation (from `../node_modules/react-native-navigation`)
  - RNDeviceInfo (from `../node_modules/react-native-device-info`)
  - RNFastImage (from `../node_modules/react-native-fast-image`)
  - RNImageCropPicker (from `../node_modules/react-native-image-crop-picker`)
  - RNPermissions (from `../node_modules/react-native-permissions`)
  - RNRate (from `../node_modules/react-native-rate`)
  - RNVectorIcons (from `../node_modules/react-native-vector-icons`)
  - Yoga (from `../node_modules/react-native/ReactCommon/yoga`)

SPEC REPOS:
  trunk:
    - boost-for-react-native
    - FBAudienceNetwork
    - FBSDKCoreKit
    - FBSDKLoginKit
    - FBSDKShareKit
    - libwebp
    - QBImagePickerController
    - RSKImageCropper
    - SDWebImage
    - SDWebImageWebPCoder
    - YoutubePlayer-in-WKWebView

EXTERNAL SOURCES:
  BVLinearGradient:
    :path: "../node_modules/react-native-linear-gradient"
  DoubleConversion:
    :podspec: "../node_modules/react-native/third-party-podspecs/DoubleConversion.podspec"
  FBLazyVector:
    :path: "../node_modules/react-native/Libraries/FBLazyVector"
  FBReactNativeSpec:
    :path: "../node_modules/react-native/Libraries/FBReactNativeSpec"
  Folly:
    :podspec: "../node_modules/react-native/third-party-podspecs/Folly.podspec"
  glog:
    :podspec: "../node_modules/react-native/third-party-podspecs/glog.podspec"
  Permission-Camera:
    :path: "../node_modules/react-native-permissions/ios/Camera.podspec"
  Permission-PhotoLibrary:
    :path: "../node_modules/react-native-permissions/ios/PhotoLibrary.podspec"
  RCTRequired:
    :path: "../node_modules/react-native/Libraries/RCTRequired"
  RCTTypeSafety:
    :path: "../node_modules/react-native/Libraries/TypeSafety"
  RCTYouTube:
    :path: "../node_modules/react-native-youtube"
  React:
    :path: "../node_modules/react-native/"
  React-Core:
    :path: "../node_modules/react-native/"
  React-CoreModules:
    :path: "../node_modules/react-native/React/CoreModules"
  React-cxxreact:
    :path: "../node_modules/react-native/ReactCommon/cxxreact"
  React-jsi:
    :path: "../node_modules/react-native/ReactCommon/jsi"
  React-jsiexecutor:
    :path: "../node_modules/react-native/ReactCommon/jsiexecutor"
  React-jsinspector:
    :path: "../node_modules/react-native/ReactCommon/jsinspector"
  react-native-camera:
    :path: "../node_modules/react-native-camera"
  react-native-config:
    :path: "../node_modules/react-native-config"
  react-native-fbsdk:
    :path: "../node_modules/react-native-fbsdk"
  react-native-image-editor:
    :path: "../node_modules/@react-native-community/image-editor"
  react-native-mail:
    :path: "../node_modules/react-native-mail"
  react-native-splash-screen:
    :path: "../node_modules/react-native-splash-screen"
  react-native-webview:
    :path: "../node_modules/react-native-webview"
  React-RCTActionSheet:
    :path: "../node_modules/react-native/Libraries/ActionSheetIOS"
  React-RCTAnimation:
    :path: "../node_modules/react-native/Libraries/NativeAnimation"
  React-RCTBlob:
    :path: "../node_modules/react-native/Libraries/Blob"
  React-RCTImage:
    :path: "../node_modules/react-native/Libraries/Image"
  React-RCTLinking:
    :path: "../node_modules/react-native/Libraries/LinkingIOS"
  React-RCTNetwork:
    :path: "../node_modules/react-native/Libraries/Network"
  React-RCTSettings:
    :path: "../node_modules/react-native/Libraries/Settings"
  React-RCTText:
    :path: "../node_modules/react-native/Libraries/Text"
  React-RCTVibration:
    :path: "../node_modules/react-native/Libraries/Vibration"
  ReactCommon:
    :path: "../node_modules/react-native/ReactCommon"
  ReactNativeAdsFacebook:
    :path: "../node_modules/react-native-fbads"
  ReactNativeNavigation:
    :path: "../node_modules/react-native-navigation"
  RNDeviceInfo:
    :path: "../node_modules/react-native-device-info"
  RNFastImage:
    :path: "../node_modules/react-native-fast-image"
  RNImageCropPicker:
    :path: "../node_modules/react-native-image-crop-picker"
  RNPermissions:
    :path: "../node_modules/react-native-permissions"
  RNRate:
    :path: "../node_modules/react-native-rate"
  RNVectorIcons:
    :path: "../node_modules/react-native-vector-icons"
  Yoga:
    :path: "../node_modules/react-native/ReactCommon/yoga"

SPEC CHECKSUMS:
  boost-for-react-native: 39c7adb57c4e60d6c5479dd8623128eb5b3f0f2c
  BVLinearGradient: e3aad03778a456d77928f594a649e96995f1c872
  DoubleConversion: 5805e889d232975c086db112ece9ed034df7a0b2
  FBAudienceNetwork: 223ab6f31d2aed94a79a9c7ffa0fad0dee644023
  FBLazyVector: 5bc5b1606fc9a7ac6956de049f6e30901ed31c49
  FBReactNativeSpec: f7be9bcc5ce259f7c39509f3f4caf59020d11d4c
  FBSDKCoreKit: e7dcac0aabcfb09d0166998edd95fe3b05a0ce5d
  FBSDKLoginKit: 1b0cf04df0370b37404213157b060d6666ede814
  FBSDKShareKit: abc29e1bb4f9f59f679adf1ae191006d68455f96
  Folly: 30e7936e1c45c08d884aa59369ed951a8e68cf51
  glog: 1f3da668190260b06b429bb211bfbee5cd790c28
  libwebp: 057912d6d0abfb6357d8bb05c0ea470301f5d61e
  Permission-Camera: a28ff1c93cf77777df695eb632855fad6e155b02
  Permission-PhotoLibrary: 0edbd3bf03a6d72d270cd58253bf4ef49b7e9212
  QBImagePickerController: d54cf93db6decf26baf6ed3472f336ef35cae022
  RCTRequired: a72523286ea3381f97b28d87529c265baad3ad7d
  RCTTypeSafety: e3cc0537400222250f0be37bd69f4b339d3c0a0f
  RCTYouTube: 5e94bfa005371c41d307f3f93c51b3e8eabfb0c8
  React: 3dc877fc32548b0c7108ca7f301466f4956cbff8
  React-Core: ca94e2e7d22cdcc266a405c4d2ad5e5675145776
  React-CoreModules: aa415458b5d7dacd10ac1b324d679f6e17cd8685
  React-cxxreact: bac5da3d62ee98abd3c1bf7338a7cc6205da7f69
  React-jsi: 8bcf5836caa8a759c135ab9ef97f3e023a7b94af
  React-jsiexecutor: ae078e9df9c65bcdcf68f9a17656657932d95528
  React-jsinspector: a8939cc6909607eb5e8a5ecfff7c6226984e174d
  react-native-camera: 36536dd86a41261622967ccf3e19fb63d7dd09e3
  react-native-config: f2c2ae45625a068c35681a16b9bfb1ca58b0adc7
  react-native-fbsdk: c35d42169e64aaf66f01713c1e18d0674f7f6519
  react-native-image-editor: e52b0c069384c71963c6b5e8a1a4d7f5d7189ac9
  react-native-mail: a864fb211feaa5845c6c478a3266de725afdce89
  react-native-splash-screen: 200d11d188e2e78cea3ad319964f6142b6384865
  react-native-webview: b7ad1323338cb52e370bb07d6141308953ff2440
  React-RCTActionSheet: 94671eef55b01a93be735605822ef712d5ea208e
  React-RCTAnimation: 524ae33e73de9c0fe6501a7a4bda8e01d26499d9
  React-RCTBlob: 5481c2db702f57207af7e7a9b32d90524b821b72
  React-RCTImage: b472cc0606f8a7c1ac270d6ccc57123a09439a32
  React-RCTLinking: 9cfc7bfdfda078489736695ac476de1f265b9f82
  React-RCTNetwork: 967547e4eeac92e55d41573a82da7fff4003052a
  React-RCTSettings: 6ab7911172056b5077dacd9240f057eeeb1b121b
  React-RCTText: b8f895b94aa0e7778fef28d13f3d71eed4a10c3d
  React-RCTVibration: 262588c97551b0b1c675468cda857466ba5af18f
  ReactCommon: c2c63d9290b422ca6ad5b3663073a015dd892ae9
  ReactNativeAdsFacebook: f26673210344d50687d4c7b1b4242c3b6b48c33f
  ReactNativeNavigation: 8c8c90fec3ee912010ce4cfb6c9678912c056b9b
  RNDeviceInfo: d9ff0288efc75db750c862c1481ba36eddb16673
  RNFastImage: 9b0c22643872bb7494c8d87bbbb66cc4c0d9e7a2
  RNImageCropPicker: e1d8c3381e5b05a1bdcd13ea57a4f1c020a09cef
  RNPermissions: 409e55ed060f7e35d4a3dfc3a336f94a5811dec1
  RNRate: d44a8bca6ee08f5d890ecccddaec2810955ffbb3
  RNVectorIcons: 0bb4def82230be1333ddaeee9fcba45f0b288ed4
  RSKImageCropper: a446db0e8444a036b34f3c43db01b2373baa4b2a
  SDWebImage: 5bf6aec6481ae2a062bdc59f9d6c1d1e552090e0
  SDWebImageWebPCoder: 947093edd1349d820c40afbd9f42acb6cdecd987
  Yoga: 02036f6383c0008edb7ef0773a0e6beb6ce82bd1
  YoutubePlayer-in-WKWebView: af2f5929fc78882d94bfdfeea999b661b78d9717

PODFILE CHECKSUM: e83c478ef340c11eb8958468738bb7a54275f1d3

COCOAPODS: 1.8.4
